{
  "pins" : [
    {
      "identity" : "mailview",
      "kind" : "remoteSourceControl",
      "location" : "https://github.com/vsanthanam/MailView.git",
      "state" : {
        "revision" : "f62ea51fe0037f68ab6cd8a23ca300ed8d6b5f81",
        "version" : "0.0.3"
      }
    },
    {
      "identity" : "outils",
      "kind" : "remoteSourceControl",
      "location" : "https://github.com/vsanthanam/Outils.git",
      "state" : {
        "revision" : "c3b6402fbc2aed34eeb8305d991c4d8c84e54d18",
        "version" : "0.0.3"
      }
    },
    {
      "identity" : "safariview",
      "kind" : "remoteSourceControl",
      "location" : "https://github.com/vsanthanam/SafariView.git",
      "state" : {
        "revision" : "f7c1ba5290ce4e8f770ca084a93a0db27be0fc66",
        "version" : "1.0.0"
      }
    },
    {
      "identity" : "swift-collections",
      "kind" : "remoteSourceControl",
      "location" : "https://github.com/apple/swift-collections.git",
      "state" : {
        "revision" : "f504716c27d2e5d4144fa4794b12129301d17729",
        "version" : "1.0.3"
      }
    },
    {
      "identity" : "swiftui-introspect",
      "kind" : "remoteSourceControl",
      "location" : "https://github.com/siteline/SwiftUI-Introspect.git",
      "state" : {
        "revision" : "f2616860a41f9d9932da412a8978fec79c06fe24",
        "version" : "0.1.4"
      }
    }
  ],
  "version" : 2
}
