{
  "pins" : [
    {
      "identity" : "appfoundation",
      "kind" : "remoteSourceControl",
      "location" : "https://github.com/vsanthanam/AppFoundation.git",
      "state" : {
        "revision" : "a82ceee0389815ff0f482b2d0a50e68e8ec7713c",
        "version" : "0.0.2"
      }
    },
    {
      "identity" : "mailview",
      "kind" : "remoteSourceControl",
      "location" : "https://github.com/vsanthanam/MailView.git",
      "state" : {
        "revision" : "65cfb030f21ea1df8f09f4391ce35c1ae7c866af",
        "version" : "0.0.2"
      }
    },
    {
      "identity" : "safariview",
      "kind" : "remoteSourceControl",
      "location" : "https://github.com/vsanthanam/SafariView.git",
      "state" : {
        "revision" : "f7c1ba5290ce4e8f770ca084a93a0db27be0fc66",
        "version" : "1.0.0"
      }
    },
    {
      "identity" : "swift-collections",
      "kind" : "remoteSourceControl",
      "location" : "https://github.com/apple/swift-collections.git",
      "state" : {
        "revision" : "48254824bb4248676bf7ce56014ff57b142b77eb",
        "version" : "1.0.2"
      }
    },
    {
      "identity" : "swiftui-introspect",
      "kind" : "remoteSourceControl",
      "location" : "https://github.com/siteline/SwiftUI-Introspect.git",
      "state" : {
        "revision" : "f2616860a41f9d9932da412a8978fec79c06fe24",
        "version" : "0.1.4"
      }
    }
  ],
  "version" : 2
}
