{
  "pins" : [
    {
      "identity" : "appfoundation",
      "kind" : "remoteSourceControl",
      "location" : "https://github.com/vsanthanam/AppFoundation.git",
      "state" : {
        "revision" : "7c420d4c32351e8ffb09b7a371891d1159d7f7c9",
        "version" : "0.0.3"
      }
    },
    {
      "identity" : "mailview",
      "kind" : "remoteSourceControl",
      "location" : "https://github.com/vsanthanam/MailView.git",
      "state" : {
        "revision" : "f62ea51fe0037f68ab6cd8a23ca300ed8d6b5f81",
        "version" : "0.0.3"
      }
    },
    {
      "identity" : "safariview",
      "kind" : "remoteSourceControl",
      "location" : "https://github.com/vsanthanam/SafariView.git",
      "state" : {
        "revision" : "f7c1ba5290ce4e8f770ca084a93a0db27be0fc66",
        "version" : "1.0.0"
      }
    },
    {
      "identity" : "swift-collections",
      "kind" : "remoteSourceControl",
      "location" : "https://github.com/apple/swift-collections.git",
      "state" : {
        "revision" : "48254824bb4248676bf7ce56014ff57b142b77eb",
        "version" : "1.0.2"
      }
    },
    {
      "identity" : "swiftui-introspect",
      "kind" : "remoteSourceControl",
      "location" : "https://github.com/siteline/SwiftUI-Introspect.git",
      "state" : {
        "revision" : "f2616860a41f9d9932da412a8978fec79c06fe24",
        "version" : "0.1.4"
      }
    }
  ],
  "version" : 2
}
