// !$*UTF8*$!
{
	archiveVersion = 1;
	classes = {
	};
	objectVersion = 55;
	objects = {

/* Begin PBXBuildFile section */
		0714D1D1287B38B600CE45A3 /* Main.swift in Sources */ = {isa = PBXBuildFile; fileRef = 0714D1D0287B38B600CE45A3 /* Main.swift */; };
		0714D1D3287B38BD00CE45A3 /* ScoreCard.swift in Sources */ = {isa = PBXBuildFile; fileRef = 0714D1D2287B38BD00CE45A3 /* ScoreCard.swift */; };
		0714D1D5287B390000CE45A3 /* GameManager.swift in Sources */ = {isa = PBXBuildFile; fileRef = 0714D1D4287B390000CE45A3 /* GameManager.swift */; };
		0714D1D8287B39A200CE45A3 /* ScoreFive.xcdatamodeld in Sources */ = {isa = PBXBuildFile; fileRef = 0714D1D6287B39A200CE45A3 /* ScoreFive.xcdatamodeld */; };
		0714D1DD287B532600CE45A3 /* NewGame.swift in Sources */ = {isa = PBXBuildFile; fileRef = 0714D1DC287B532600CE45A3 /* NewGame.swift */; };
		0714D1DF2883125D00CE45A3 /* LoadGame.swift in Sources */ = {isa = PBXBuildFile; fileRef = 0714D1DE2883125D00CE45A3 /* LoadGame.swift */; };
		0714D1E1288327AA00CE45A3 /* ScoreRow.swift in Sources */ = {isa = PBXBuildFile; fileRef = 0714D1E0288327AA00CE45A3 /* ScoreRow.swift */; };
		0714D2052883735000CE45A3 /* RoundEditor.swift in Sources */ = {isa = PBXBuildFile; fileRef = 0714D2042883735000CE45A3 /* RoundEditor.swift */; };
		074374B3289EE924001279F8 /* CloseButton.swift in Sources */ = {isa = PBXBuildFile; fileRef = 074374B2289EE924001279F8 /* CloseButton.swift */; };
		074374B5289EFAE5001279F8 /* Demo.swift in Sources */ = {isa = PBXBuildFile; fileRef = 074374B4289EFAE5001279F8 /* Demo.swift */; };
		074374BA289F0546001279F8 /* MailView in Frameworks */ = {isa = PBXBuildFile; productRef = 074374B9289F0546001279F8 /* MailView */; };
		0747A458289338D5001A561C /* SafariView in Frameworks */ = {isa = PBXBuildFile; productRef = 0747A457289338D5001A561C /* SafariView */; };
		0747A4612895C543001A561C /* Acknowledgements.swift in Sources */ = {isa = PBXBuildFile; fileRef = 0747A4602895C543001A561C /* Acknowledgements.swift */; };
		0747A4632896DB5E001A561C /* Chevron.swift in Sources */ = {isa = PBXBuildFile; fileRef = 0747A4622896DB5E001A561C /* Chevron.swift */; };
		075F15D8288B147900E238C0 /* PlayerTextField.swift in Sources */ = {isa = PBXBuildFile; fileRef = 075F15D7288B147900E238C0 /* PlayerTextField.swift */; };
		075F15DA288B155300E238C0 /* FormButton.swift in Sources */ = {isa = PBXBuildFile; fileRef = 075F15D9288B155300E238C0 /* FormButton.swift */; };
		075F15E0288B204500E238C0 /* TotalScoreBar.swift in Sources */ = {isa = PBXBuildFile; fileRef = 075F15DF288B204500E238C0 /* TotalScoreBar.swift */; };
		075F15EA288B442A00E238C0 /* PlayerBar.swift in Sources */ = {isa = PBXBuildFile; fileRef = 075F15E9288B442A00E238C0 /* PlayerBar.swift */; };
		075F15EC288B45A400E238C0 /* AddRow.swift in Sources */ = {isa = PBXBuildFile; fileRef = 075F15EB288B45A400E238C0 /* AddRow.swift */; };
		075F15FE288B53D200E238C0 /* Collections in Frameworks */ = {isa = PBXBuildFile; productRef = 075F15FD288B53D200E238C0 /* Collections */; };
		076A0C49287B35A000A75AE9 /* Assets.xcassets in Resources */ = {isa = PBXBuildFile; fileRef = 076A0C48287B35A000A75AE9 /* Assets.xcassets */; };
		076A0C4C287B35A000A75AE9 /* LaunchScreen.storyboard in Resources */ = {isa = PBXBuildFile; fileRef = 076A0C4A287B35A000A75AE9 /* LaunchScreen.storyboard */; };
		076A0C54287B35C800A75AE9 /* RootView.swift in Sources */ = {isa = PBXBuildFile; fileRef = 076A0C53287B35C800A75AE9 /* RootView.swift */; };
		077233B828AE91AC003EE3AD /* App.swift in Sources */ = {isa = PBXBuildFile; fileRef = 077233B728AE91AC003EE3AD /* App.swift */; };
		0798000028A6A2AB00464449 /* ColorExtensions.swift in Sources */ = {isa = PBXBuildFile; fileRef = 0798FFFF28A6A2AB00464449 /* ColorExtensions.swift */; };
		07A0A5642896EEE5004F4196 /* AutomatedScreenshots.swift in Sources */ = {isa = PBXBuildFile; fileRef = 07A0A5632896EEE5004F4196 /* AutomatedScreenshots.swift */; };
		07A0A56D2896EF3D004F4196 /* SnapshotHelper.swift in Sources */ = {isa = PBXBuildFile; fileRef = 07A0A56C2896EF3D004F4196 /* SnapshotHelper.swift */; };
		07A0A56F28971519004F4196 /* Acknowledgement.swift in Sources */ = {isa = PBXBuildFile; fileRef = 07A0A56E28971519004F4196 /* Acknowledgement.swift */; };
		07A0A5712897153F004F4196 /* AcknowledgementRow.swift in Sources */ = {isa = PBXBuildFile; fileRef = 07A0A5702897153F004F4196 /* AcknowledgementRow.swift */; };
		07E25147288C45060061AA19 /* Introspect in Frameworks */ = {isa = PBXBuildFile; productRef = 07E25146288C45060061AA19 /* Introspect */; };
		07E2514F288C4BCC0061AA19 /* LICENSE in Resources */ = {isa = PBXBuildFile; fileRef = 07E2514D288C4BCC0061AA19 /* LICENSE */; };
		07E25150288C4BCC0061AA19 /* README.md in Resources */ = {isa = PBXBuildFile; fileRef = 07E2514E288C4BCC0061AA19 /* README.md */; };
		07E25153288C4D040061AA19 /* MoreView.swift in Sources */ = {isa = PBXBuildFile; fileRef = 07E25152288C4D040061AA19 /* MoreView.swift */; };
		07E25155288C4FBD0061AA19 /* MenuButton.swift in Sources */ = {isa = PBXBuildFile; fileRef = 07E25154288C4FBD0061AA19 /* MenuButton.swift */; };
		07E2517A288DCFB80061AA19 /* AppFoundation in Frameworks */ = {isa = PBXBuildFile; productRef = 07E25179288DCFB80061AA19 /* AppFoundation */; };
		07E2517E288DDB0F0061AA19 /* Five in Frameworks */ = {isa = PBXBuildFile; productRef = 07E2517D288DDB0F0061AA19 /* Five */; };
		07E25181288DF9D30061AA19 /* Menu.swift in Sources */ = {isa = PBXBuildFile; fileRef = 07E25180288DF9D30061AA19 /* Menu.swift */; };
/* End PBXBuildFile section */

/* Begin PBXContainerItemProxy section */
		07A0A5672896EEE5004F4196 /* PBXContainerItemProxy */ = {
			isa = PBXContainerItemProxy;
			containerPortal = 076A0C34287B35A000A75AE9 /* Project object */;
			proxyType = 1;
			remoteGlobalIDString = 076A0C3B287B35A000A75AE9;
			remoteInfo = ScoreFive;
		};
/* End PBXContainerItemProxy section */

/* Begin PBXFileReference section */
		0714D1D0287B38B600CE45A3 /* Main.swift */ = {isa = PBXFileReference; lastKnownFileType = sourcecode.swift; path = Main.swift; sourceTree = "<group>"; };
		0714D1D2287B38BD00CE45A3 /* ScoreCard.swift */ = {isa = PBXFileReference; lastKnownFileType = sourcecode.swift; path = ScoreCard.swift; sourceTree = "<group>"; };
		0714D1D4287B390000CE45A3 /* GameManager.swift */ = {isa = PBXFileReference; lastKnownFileType = sourcecode.swift; path = GameManager.swift; sourceTree = "<group>"; };
		0714D1D7287B39A200CE45A3 /* ScoreFive.xcdatamodel */ = {isa = PBXFileReference; lastKnownFileType = wrapper.xcdatamodel; path = ScoreFive.xcdatamodel; sourceTree = "<group>"; };
		0714D1DC287B532600CE45A3 /* NewGame.swift */ = {isa = PBXFileReference; lastKnownFileType = sourcecode.swift; path = NewGame.swift; sourceTree = "<group>"; };
		0714D1DE2883125D00CE45A3 /* LoadGame.swift */ = {isa = PBXFileReference; lastKnownFileType = sourcecode.swift; path = LoadGame.swift; sourceTree = "<group>"; };
		0714D1E0288327AA00CE45A3 /* ScoreRow.swift */ = {isa = PBXFileReference; lastKnownFileType = sourcecode.swift; path = ScoreRow.swift; sourceTree = "<group>"; };
		0714D2042883735000CE45A3 /* RoundEditor.swift */ = {isa = PBXFileReference; lastKnownFileType = sourcecode.swift; path = RoundEditor.swift; sourceTree = "<group>"; };
		074374B2289EE924001279F8 /* CloseButton.swift */ = {isa = PBXFileReference; lastKnownFileType = sourcecode.swift; path = CloseButton.swift; sourceTree = "<group>"; };
		074374B4289EFAE5001279F8 /* Demo.swift */ = {isa = PBXFileReference; lastKnownFileType = sourcecode.swift; path = Demo.swift; sourceTree = "<group>"; };
		0747A4602895C543001A561C /* Acknowledgements.swift */ = {isa = PBXFileReference; lastKnownFileType = sourcecode.swift; path = Acknowledgements.swift; sourceTree = "<group>"; };
		0747A4622896DB5E001A561C /* Chevron.swift */ = {isa = PBXFileReference; lastKnownFileType = sourcecode.swift; path = Chevron.swift; sourceTree = "<group>"; };
		075F15D7288B147900E238C0 /* PlayerTextField.swift */ = {isa = PBXFileReference; lastKnownFileType = sourcecode.swift; path = PlayerTextField.swift; sourceTree = "<group>"; };
		075F15D9288B155300E238C0 /* FormButton.swift */ = {isa = PBXFileReference; lastKnownFileType = sourcecode.swift; path = FormButton.swift; sourceTree = "<group>"; };
		075F15DF288B204500E238C0 /* TotalScoreBar.swift */ = {isa = PBXFileReference; lastKnownFileType = sourcecode.swift; path = TotalScoreBar.swift; sourceTree = "<group>"; };
		075F15E9288B442A00E238C0 /* PlayerBar.swift */ = {isa = PBXFileReference; lastKnownFileType = sourcecode.swift; path = PlayerBar.swift; sourceTree = "<group>"; };
		075F15EB288B45A400E238C0 /* AddRow.swift */ = {isa = PBXFileReference; lastKnownFileType = sourcecode.swift; path = AddRow.swift; sourceTree = "<group>"; };
		076A0C3C287B35A000A75AE9 /* ScoreFive.app */ = {isa = PBXFileReference; explicitFileType = wrapper.application; includeInIndex = 0; path = ScoreFive.app; sourceTree = BUILT_PRODUCTS_DIR; };
		076A0C48287B35A000A75AE9 /* Assets.xcassets */ = {isa = PBXFileReference; lastKnownFileType = folder.assetcatalog; path = Assets.xcassets; sourceTree = "<group>"; };
		076A0C4B287B35A000A75AE9 /* Base */ = {isa = PBXFileReference; lastKnownFileType = file.storyboard; name = Base; path = Base.lproj/LaunchScreen.storyboard; sourceTree = "<group>"; };
		076A0C4D287B35A000A75AE9 /* Info.plist */ = {isa = PBXFileReference; lastKnownFileType = text.plist.xml; path = Info.plist; sourceTree = "<group>"; };
		076A0C53287B35C800A75AE9 /* RootView.swift */ = {isa = PBXFileReference; lastKnownFileType = sourcecode.swift; path = RootView.swift; sourceTree = "<group>"; };
		077233B728AE91AC003EE3AD /* App.swift */ = {isa = PBXFileReference; lastKnownFileType = sourcecode.swift; path = App.swift; sourceTree = "<group>"; };
		0798FFFF28A6A2AB00464449 /* ColorExtensions.swift */ = {isa = PBXFileReference; lastKnownFileType = sourcecode.swift; path = ColorExtensions.swift; sourceTree = "<group>"; };
		07A0A5612896EEE5004F4196 /* AutomatedScreenshots.xctest */ = {isa = PBXFileReference; explicitFileType = wrapper.cfbundle; includeInIndex = 0; path = AutomatedScreenshots.xctest; sourceTree = BUILT_PRODUCTS_DIR; };
		07A0A5632896EEE5004F4196 /* AutomatedScreenshots.swift */ = {isa = PBXFileReference; lastKnownFileType = sourcecode.swift; path = AutomatedScreenshots.swift; sourceTree = "<group>"; };
		07A0A56C2896EF3D004F4196 /* SnapshotHelper.swift */ = {isa = PBXFileReference; fileEncoding = 4; lastKnownFileType = sourcecode.swift; path = SnapshotHelper.swift; sourceTree = "<group>"; };
		07A0A56E28971519004F4196 /* Acknowledgement.swift */ = {isa = PBXFileReference; lastKnownFileType = sourcecode.swift; path = Acknowledgement.swift; sourceTree = "<group>"; };
		07A0A5702897153F004F4196 /* AcknowledgementRow.swift */ = {isa = PBXFileReference; lastKnownFileType = sourcecode.swift; path = AcknowledgementRow.swift; sourceTree = "<group>"; };
		07E2514D288C4BCC0061AA19 /* LICENSE */ = {isa = PBXFileReference; fileEncoding = 4; lastKnownFileType = text; path = LICENSE; sourceTree = "<group>"; };
		07E2514E288C4BCC0061AA19 /* README.md */ = {isa = PBXFileReference; fileEncoding = 4; lastKnownFileType = net.daringfireball.markdown; path = README.md; sourceTree = "<group>"; };
		07E25152288C4D040061AA19 /* MoreView.swift */ = {isa = PBXFileReference; lastKnownFileType = sourcecode.swift; path = MoreView.swift; sourceTree = "<group>"; };
		07E25154288C4FBD0061AA19 /* MenuButton.swift */ = {isa = PBXFileReference; lastKnownFileType = sourcecode.swift; path = MenuButton.swift; sourceTree = "<group>"; };
		07E25175288DBCAB0061AA19 /* ScoreFive.entitlements */ = {isa = PBXFileReference; lastKnownFileType = text.plist.entitlements; path = ScoreFive.entitlements; sourceTree = "<group>"; };
		07E25176288DBCB00061AA19 /* CloudKit.framework */ = {isa = PBXFileReference; lastKnownFileType = wrapper.framework; name = CloudKit.framework; path = System/Library/Frameworks/CloudKit.framework; sourceTree = SDKROOT; };
		07E2517C288DDA690061AA19 /* Five */ = {isa = PBXFileReference; lastKnownFileType = wrapper; name = Five; path = ScoreFive/Src/Packages/Five; sourceTree = "<group>"; };
		07E25180288DF9D30061AA19 /* Menu.swift */ = {isa = PBXFileReference; lastKnownFileType = sourcecode.swift; path = Menu.swift; sourceTree = "<group>"; };
/* End PBXFileReference section */

/* Begin PBXFrameworksBuildPhase section */
		076A0C39287B35A000A75AE9 /* Frameworks */ = {
			isa = PBXFrameworksBuildPhase;
			buildActionMask = 2147483647;
			files = (
				07E2517E288DDB0F0061AA19 /* Five in Frameworks */,
				0747A458289338D5001A561C /* SafariView in Frameworks */,
				074374BA289F0546001279F8 /* MailView in Frameworks */,
				075F15FE288B53D200E238C0 /* Collections in Frameworks */,
				07E25147288C45060061AA19 /* Introspect in Frameworks */,
				07E2517A288DCFB80061AA19 /* AppFoundation in Frameworks */,
			);
			runOnlyForDeploymentPostprocessing = 0;
		};
		07A0A55E2896EEE5004F4196 /* Frameworks */ = {
			isa = PBXFrameworksBuildPhase;
			buildActionMask = 2147483647;
			files = (
			);
			runOnlyForDeploymentPostprocessing = 0;
		};
/* End PBXFrameworksBuildPhase section */

/* Begin PBXGroup section */
		074374B1289EE908001279F8 /* Modifiers */ = {
			isa = PBXGroup;
			children = (
				074374B2289EE924001279F8 /* CloseButton.swift */,
			);
			path = Modifiers;
			sourceTree = "<group>";
		};
		0747A45B2895A932001A561C /* Views */ = {
			isa = PBXGroup;
			children = (
				075F15D9288B155300E238C0 /* FormButton.swift */,
				0747A4622896DB5E001A561C /* Chevron.swift */,
			);
			path = Views;
			sourceTree = "<group>";
		};
		0747A45F2895BD2E001A561C /* Acknowledgements */ = {
			isa = PBXGroup;
			children = (
				0747A4602895C543001A561C /* Acknowledgements.swift */,
				07A0A5702897153F004F4196 /* AcknowledgementRow.swift */,
			);
			path = Acknowledgements;
			sourceTree = "<group>";
		};
		075F15CC288B12DF00E238C0 /* Infra */ = {
			isa = PBXGroup;
			children = (
				074374B4289EFAE5001279F8 /* Demo.swift */,
				077233B728AE91AC003EE3AD /* App.swift */,
			);
			path = Infra;
			sourceTree = "<group>";
		};
		075F15CD288B12E400E238C0 /* Src */ = {
			isa = PBXGroup;
			children = (
				0798FFFE28A6A2A300464449 /* Extensions */,
				07B767E228A030C8002B2565 /* Models */,
				075F15D6288B137700E238C0 /* Environment */,
				075F15CE288B12EB00E238C0 /* Views */,
				075F15CC288B12DF00E238C0 /* Infra */,
			);
			path = Src;
			sourceTree = "<group>";
		};
		075F15CE288B12EB00E238C0 /* Views */ = {
			isa = PBXGroup;
			children = (
				0747A45F2895BD2E001A561C /* Acknowledgements */,
				07E2517F288DF8D00061AA19 /* Menu */,
				07E25151288C4CFA0061AA19 /* MoreView */,
				075F15E3288B23D900E238C0 /* Main */,
				075F15E2288B23CE00E238C0 /* LoadGame */,
				075F15E1288B23C200E238C0 /* RoundEditor */,
				075F15DE288B203B00E238C0 /* ScoreCard */,
				075F15DD288B164000E238C0 /* RootView */,
				075F15DC288B162900E238C0 /* Reusable */,
				075F15DB288B161C00E238C0 /* NewGame */,
			);
			path = Views;
			sourceTree = "<group>";
		};
		075F15D6288B137700E238C0 /* Environment */ = {
			isa = PBXGroup;
			children = (
				0714D1D4287B390000CE45A3 /* GameManager.swift */,
			);
			path = Environment;
			sourceTree = "<group>";
		};
		075F15DB288B161C00E238C0 /* NewGame */ = {
			isa = PBXGroup;
			children = (
				0714D1DC287B532600CE45A3 /* NewGame.swift */,
				075F15D7288B147900E238C0 /* PlayerTextField.swift */,
			);
			path = NewGame;
			sourceTree = "<group>";
		};
		075F15DC288B162900E238C0 /* Reusable */ = {
			isa = PBXGroup;
			children = (
				074374B1289EE908001279F8 /* Modifiers */,
				0747A45B2895A932001A561C /* Views */,
			);
			path = Reusable;
			sourceTree = "<group>";
		};
		075F15DD288B164000E238C0 /* RootView */ = {
			isa = PBXGroup;
			children = (
				076A0C53287B35C800A75AE9 /* RootView.swift */,
			);
			path = RootView;
			sourceTree = "<group>";
		};
		075F15DE288B203B00E238C0 /* ScoreCard */ = {
			isa = PBXGroup;
			children = (
				0714D1D2287B38BD00CE45A3 /* ScoreCard.swift */,
				0714D1E0288327AA00CE45A3 /* ScoreRow.swift */,
				075F15DF288B204500E238C0 /* TotalScoreBar.swift */,
				075F15E9288B442A00E238C0 /* PlayerBar.swift */,
				075F15EB288B45A400E238C0 /* AddRow.swift */,
			);
			path = ScoreCard;
			sourceTree = "<group>";
		};
		075F15E1288B23C200E238C0 /* RoundEditor */ = {
			isa = PBXGroup;
			children = (
				0714D2042883735000CE45A3 /* RoundEditor.swift */,
			);
			path = RoundEditor;
			sourceTree = "<group>";
		};
		075F15E2288B23CE00E238C0 /* LoadGame */ = {
			isa = PBXGroup;
			children = (
				0714D1DE2883125D00CE45A3 /* LoadGame.swift */,
			);
			path = LoadGame;
			sourceTree = "<group>";
		};
		075F15E3288B23D900E238C0 /* Main */ = {
			isa = PBXGroup;
			children = (
				0714D1D0287B38B600CE45A3 /* Main.swift */,
			);
			path = Main;
			sourceTree = "<group>";
		};
		075F15F4288B51F700E238C0 /* Frameworks */ = {
			isa = PBXGroup;
			children = (
				07E25176288DBCB00061AA19 /* CloudKit.framework */,
			);
			name = Frameworks;
			sourceTree = "<group>";
		};
		076A0C33287B35A000A75AE9 = {
			isa = PBXGroup;
			children = (
				07E2514D288C4BCC0061AA19 /* LICENSE */,
				07E2514E288C4BCC0061AA19 /* README.md */,
				07E2517B288DDA690061AA19 /* Packages */,
				076A0C3E287B35A000A75AE9 /* ScoreFive */,
				07A0A5622896EEE5004F4196 /* AutomatedScreenshots */,
				076A0C3D287B35A000A75AE9 /* Products */,
				075F15F4288B51F700E238C0 /* Frameworks */,
			);
			sourceTree = "<group>";
		};
		076A0C3D287B35A000A75AE9 /* Products */ = {
			isa = PBXGroup;
			children = (
				076A0C3C287B35A000A75AE9 /* ScoreFive.app */,
				07A0A5612896EEE5004F4196 /* AutomatedScreenshots.xctest */,
			);
			name = Products;
			sourceTree = "<group>";
		};
		076A0C3E287B35A000A75AE9 /* ScoreFive */ = {
			isa = PBXGroup;
			children = (
				07E25175288DBCAB0061AA19 /* ScoreFive.entitlements */,
				075F15CD288B12E400E238C0 /* Src */,
				076A0C48287B35A000A75AE9 /* Assets.xcassets */,
				076A0C4A287B35A000A75AE9 /* LaunchScreen.storyboard */,
				076A0C4D287B35A000A75AE9 /* Info.plist */,
				0714D1D6287B39A200CE45A3 /* ScoreFive.xcdatamodeld */,
			);
			path = ScoreFive;
			sourceTree = "<group>";
		};
		0798FFFE28A6A2A300464449 /* Extensions */ = {
			isa = PBXGroup;
			children = (
				0798FFFF28A6A2AB00464449 /* ColorExtensions.swift */,
			);
			path = Extensions;
			sourceTree = "<group>";
		};
		07A0A5622896EEE5004F4196 /* AutomatedScreenshots */ = {
			isa = PBXGroup;
			children = (
				07A0A56C2896EF3D004F4196 /* SnapshotHelper.swift */,
				07A0A5632896EEE5004F4196 /* AutomatedScreenshots.swift */,
			);
			path = AutomatedScreenshots;
			sourceTree = "<group>";
		};
		07B767E228A030C8002B2565 /* Models */ = {
			isa = PBXGroup;
			children = (
				07A0A56E28971519004F4196 /* Acknowledgement.swift */,
			);
			path = Models;
			sourceTree = "<group>";
		};
		07E25151288C4CFA0061AA19 /* MoreView */ = {
			isa = PBXGroup;
			children = (
				07E25152288C4D040061AA19 /* MoreView.swift */,
			);
			path = MoreView;
			sourceTree = "<group>";
		};
		07E2517B288DDA690061AA19 /* Packages */ = {
			isa = PBXGroup;
			children = (
				07E2517C288DDA690061AA19 /* Five */,
			);
			name = Packages;
			sourceTree = "<group>";
		};
		07E2517F288DF8D00061AA19 /* Menu */ = {
			isa = PBXGroup;
			children = (
				07E25180288DF9D30061AA19 /* Menu.swift */,
				07E25154288C4FBD0061AA19 /* MenuButton.swift */,
			);
			path = Menu;
			sourceTree = "<group>";
		};
/* End PBXGroup section */

/* Begin PBXNativeTarget section */
		076A0C3B287B35A000A75AE9 /* ScoreFive */ = {
			isa = PBXNativeTarget;
			buildConfigurationList = 076A0C50287B35A000A75AE9 /* Build configuration list for PBXNativeTarget "ScoreFive" */;
			buildPhases = (
				076A0C38287B35A000A75AE9 /* Sources */,
				076A0C39287B35A000A75AE9 /* Frameworks */,
				076A0C3A287B35A000A75AE9 /* Resources */,
			);
			buildRules = (
			);
			dependencies = (
			);
			name = ScoreFive;
			packageProductDependencies = (
				075F15FD288B53D200E238C0 /* Collections */,
				07E25146288C45060061AA19 /* Introspect */,
				07E25179288DCFB80061AA19 /* AppFoundation */,
				07E2517D288DDB0F0061AA19 /* Five */,
				0747A457289338D5001A561C /* SafariView */,
				074374B9289F0546001279F8 /* MailView */,
			);
			productName = ScoreFive;
			productReference = 076A0C3C287B35A000A75AE9 /* ScoreFive.app */;
			productType = "com.apple.product-type.application";
		};
		07A0A5602896EEE5004F4196 /* AutomatedScreenshots */ = {
			isa = PBXNativeTarget;
			buildConfigurationList = 07A0A5692896EEE5004F4196 /* Build configuration list for PBXNativeTarget "AutomatedScreenshots" */;
			buildPhases = (
				07A0A55D2896EEE5004F4196 /* Sources */,
				07A0A55E2896EEE5004F4196 /* Frameworks */,
				07A0A55F2896EEE5004F4196 /* Resources */,
			);
			buildRules = (
			);
			dependencies = (
				07A0A5682896EEE5004F4196 /* PBXTargetDependency */,
			);
			name = AutomatedScreenshots;
			productName = AutomatedScreenshots;
			productReference = 07A0A5612896EEE5004F4196 /* AutomatedScreenshots.xctest */;
			productType = "com.apple.product-type.bundle.ui-testing";
		};
/* End PBXNativeTarget section */

/* Begin PBXProject section */
		076A0C34287B35A000A75AE9 /* Project object */ = {
			isa = PBXProject;
			attributes = {
				BuildIndependentTargetsInParallel = 1;
				LastSwiftUpdateCheck = 1340;
				LastUpgradeCheck = 1340;
				TargetAttributes = {
					076A0C3B287B35A000A75AE9 = {
						CreatedOnToolsVersion = 13.4.1;
					};
					07A0A5602896EEE5004F4196 = {
						CreatedOnToolsVersion = 13.4.1;
						TestTargetID = 076A0C3B287B35A000A75AE9;
					};
				};
			};
			buildConfigurationList = 076A0C37287B35A000A75AE9 /* Build configuration list for PBXProject "ScoreFive" */;
			compatibilityVersion = "Xcode 13.0";
			developmentRegion = en;
			hasScannedForEncodings = 0;
			knownRegions = (
				en,
				Base,
			);
			mainGroup = 076A0C33287B35A000A75AE9;
			packageReferences = (
				0714D1E2288327E400CE45A3 /* XCRemoteSwiftPackageReference "swift-collections" */,
				07E25145288C45060061AA19 /* XCRemoteSwiftPackageReference "SwiftUI-Introspect" */,
				07E25178288DCFB80061AA19 /* XCRemoteSwiftPackageReference "AppFoundation" */,
				0747A455289338B6001A561C /* XCRemoteSwiftPackageReference "SafariView" */,
				074374B8289F0545001279F8 /* XCRemoteSwiftPackageReference "MailView" */,
			);
			productRefGroup = 076A0C3D287B35A000A75AE9 /* Products */;
			projectDirPath = "";
			projectRoot = "";
			targets = (
				076A0C3B287B35A000A75AE9 /* ScoreFive */,
				07A0A5602896EEE5004F4196 /* AutomatedScreenshots */,
			);
		};
/* End PBXProject section */

/* Begin PBXResourcesBuildPhase section */
		076A0C3A287B35A000A75AE9 /* Resources */ = {
			isa = PBXResourcesBuildPhase;
			buildActionMask = 2147483647;
			files = (
				07E2514F288C4BCC0061AA19 /* LICENSE in Resources */,
				076A0C4C287B35A000A75AE9 /* LaunchScreen.storyboard in Resources */,
				07E25150288C4BCC0061AA19 /* README.md in Resources */,
				076A0C49287B35A000A75AE9 /* Assets.xcassets in Resources */,
			);
			runOnlyForDeploymentPostprocessing = 0;
		};
		07A0A55F2896EEE5004F4196 /* Resources */ = {
			isa = PBXResourcesBuildPhase;
			buildActionMask = 2147483647;
			files = (
			);
			runOnlyForDeploymentPostprocessing = 0;
		};
/* End PBXResourcesBuildPhase section */

/* Begin PBXSourcesBuildPhase section */
		076A0C38287B35A000A75AE9 /* Sources */ = {
			isa = PBXSourcesBuildPhase;
			buildActionMask = 2147483647;
			files = (
				076A0C54287B35C800A75AE9 /* RootView.swift in Sources */,
				0714D1D5287B390000CE45A3 /* GameManager.swift in Sources */,
				075F15D8288B147900E238C0 /* PlayerTextField.swift in Sources */,
				074374B3289EE924001279F8 /* CloseButton.swift in Sources */,
				075F15DA288B155300E238C0 /* FormButton.swift in Sources */,
				0747A4612895C543001A561C /* Acknowledgements.swift in Sources */,
				07A0A56F28971519004F4196 /* Acknowledgement.swift in Sources */,
				0747A4632896DB5E001A561C /* Chevron.swift in Sources */,
				077233B828AE91AC003EE3AD /* App.swift in Sources */,
				0714D2052883735000CE45A3 /* RoundEditor.swift in Sources */,
				07A0A5712897153F004F4196 /* AcknowledgementRow.swift in Sources */,
				07E25153288C4D040061AA19 /* MoreView.swift in Sources */,
				0714D1DF2883125D00CE45A3 /* LoadGame.swift in Sources */,
				0714D1E1288327AA00CE45A3 /* ScoreRow.swift in Sources */,
				0714D1DD287B532600CE45A3 /* NewGame.swift in Sources */,
				07E25155288C4FBD0061AA19 /* MenuButton.swift in Sources */,
				075F15E0288B204500E238C0 /* TotalScoreBar.swift in Sources */,
				07E25181288DF9D30061AA19 /* Menu.swift in Sources */,
				074374B5289EFAE5001279F8 /* Demo.swift in Sources */,
				075F15EC288B45A400E238C0 /* AddRow.swift in Sources */,
				075F15EA288B442A00E238C0 /* PlayerBar.swift in Sources */,
				0798000028A6A2AB00464449 /* ColorExtensions.swift in Sources */,
				0714D1D1287B38B600CE45A3 /* Main.swift in Sources */,
				0714D1D8287B39A200CE45A3 /* ScoreFive.xcdatamodeld in Sources */,
				0714D1D3287B38BD00CE45A3 /* ScoreCard.swift in Sources */,
			);
			runOnlyForDeploymentPostprocessing = 0;
		};
		07A0A55D2896EEE5004F4196 /* Sources */ = {
			isa = PBXSourcesBuildPhase;
			buildActionMask = 2147483647;
			files = (
				07A0A5642896EEE5004F4196 /* AutomatedScreenshots.swift in Sources */,
				07A0A56D2896EF3D004F4196 /* SnapshotHelper.swift in Sources */,
			);
			runOnlyForDeploymentPostprocessing = 0;
		};
/* End PBXSourcesBuildPhase section */

/* Begin PBXTargetDependency section */
		07A0A5682896EEE5004F4196 /* PBXTargetDependency */ = {
			isa = PBXTargetDependency;
			target = 076A0C3B287B35A000A75AE9 /* ScoreFive */;
			targetProxy = 07A0A5672896EEE5004F4196 /* PBXContainerItemProxy */;
		};
/* End PBXTargetDependency section */

/* Begin PBXVariantGroup section */
		076A0C4A287B35A000A75AE9 /* LaunchScreen.storyboard */ = {
			isa = PBXVariantGroup;
			children = (
				076A0C4B287B35A000A75AE9 /* Base */,
			);
			name = LaunchScreen.storyboard;
			sourceTree = "<group>";
		};
/* End PBXVariantGroup section */

/* Begin XCBuildConfiguration section */
		076A0C4E287B35A000A75AE9 /* Debug */ = {
			isa = XCBuildConfiguration;
			buildSettings = {
				ALWAYS_SEARCH_USER_PATHS = NO;
				CLANG_ANALYZER_NONNULL = YES;
				CLANG_ANALYZER_NUMBER_OBJECT_CONVERSION = YES_AGGRESSIVE;
				CLANG_CXX_LANGUAGE_STANDARD = "gnu++17";
				CLANG_ENABLE_MODULES = YES;
				CLANG_ENABLE_OBJC_ARC = YES;
				CLANG_ENABLE_OBJC_WEAK = YES;
				CLANG_WARN_BLOCK_CAPTURE_AUTORELEASING = YES;
				CLANG_WARN_BOOL_CONVERSION = YES;
				CLANG_WARN_COMMA = YES;
				CLANG_WARN_CONSTANT_CONVERSION = YES;
				CLANG_WARN_DEPRECATED_OBJC_IMPLEMENTATIONS = YES;
				CLANG_WARN_DIRECT_OBJC_ISA_USAGE = YES_ERROR;
				CLANG_WARN_DOCUMENTATION_COMMENTS = YES;
				CLANG_WARN_EMPTY_BODY = YES;
				CLANG_WARN_ENUM_CONVERSION = YES;
				CLANG_WARN_INFINITE_RECURSION = YES;
				CLANG_WARN_INT_CONVERSION = YES;
				CLANG_WARN_NON_LITERAL_NULL_CONVERSION = YES;
				CLANG_WARN_OBJC_IMPLICIT_RETAIN_SELF = YES;
				CLANG_WARN_OBJC_LITERAL_CONVERSION = YES;
				CLANG_WARN_OBJC_ROOT_CLASS = YES_ERROR;
				CLANG_WARN_QUOTED_INCLUDE_IN_FRAMEWORK_HEADER = YES;
				CLANG_WARN_RANGE_LOOP_ANALYSIS = YES;
				CLANG_WARN_STRICT_PROTOTYPES = YES;
				CLANG_WARN_SUSPICIOUS_MOVE = YES;
				CLANG_WARN_UNGUARDED_AVAILABILITY = YES_AGGRESSIVE;
				CLANG_WARN_UNREACHABLE_CODE = YES;
				CLANG_WARN__DUPLICATE_METHOD_MATCH = YES;
				COPY_PHASE_STRIP = NO;
				DEBUG_INFORMATION_FORMAT = dwarf;
				ENABLE_STRICT_OBJC_MSGSEND = YES;
				ENABLE_TESTABILITY = YES;
				GCC_C_LANGUAGE_STANDARD = gnu11;
				GCC_DYNAMIC_NO_PIC = NO;
				GCC_NO_COMMON_BLOCKS = YES;
				GCC_OPTIMIZATION_LEVEL = 0;
				GCC_PREPROCESSOR_DEFINITIONS = (
					"DEBUG=1",
					"$(inherited)",
				);
				GCC_WARN_64_TO_32_BIT_CONVERSION = YES;
				GCC_WARN_ABOUT_RETURN_TYPE = YES_ERROR;
				GCC_WARN_UNDECLARED_SELECTOR = YES;
				GCC_WARN_UNINITIALIZED_AUTOS = YES_AGGRESSIVE;
				GCC_WARN_UNUSED_FUNCTION = YES;
				GCC_WARN_UNUSED_VARIABLE = YES;
				IPHONEOS_DEPLOYMENT_TARGET = 15.5;
				MTL_ENABLE_DEBUG_INFO = INCLUDE_SOURCE;
				MTL_FAST_MATH = YES;
				ONLY_ACTIVE_ARCH = YES;
				SDKROOT = iphoneos;
				SWIFT_ACTIVE_COMPILATION_CONDITIONS = DEBUG;
				SWIFT_OPTIMIZATION_LEVEL = "-Onone";
			};
			name = Debug;
		};
		076A0C4F287B35A000A75AE9 /* Release */ = {
			isa = XCBuildConfiguration;
			buildSettings = {
				ALWAYS_SEARCH_USER_PATHS = NO;
				CLANG_ANALYZER_NONNULL = YES;
				CLANG_ANALYZER_NUMBER_OBJECT_CONVERSION = YES_AGGRESSIVE;
				CLANG_CXX_LANGUAGE_STANDARD = "gnu++17";
				CLANG_ENABLE_MODULES = YES;
				CLANG_ENABLE_OBJC_ARC = YES;
				CLANG_ENABLE_OBJC_WEAK = YES;
				CLANG_WARN_BLOCK_CAPTURE_AUTORELEASING = YES;
				CLANG_WARN_BOOL_CONVERSION = YES;
				CLANG_WARN_COMMA = YES;
				CLANG_WARN_CONSTANT_CONVERSION = YES;
				CLANG_WARN_DEPRECATED_OBJC_IMPLEMENTATIONS = YES;
				CLANG_WARN_DIRECT_OBJC_ISA_USAGE = YES_ERROR;
				CLANG_WARN_DOCUMENTATION_COMMENTS = YES;
				CLANG_WARN_EMPTY_BODY = YES;
				CLANG_WARN_ENUM_CONVERSION = YES;
				CLANG_WARN_INFINITE_RECURSION = YES;
				CLANG_WARN_INT_CONVERSION = YES;
				CLANG_WARN_NON_LITERAL_NULL_CONVERSION = YES;
				CLANG_WARN_OBJC_IMPLICIT_RETAIN_SELF = YES;
				CLANG_WARN_OBJC_LITERAL_CONVERSION = YES;
				CLANG_WARN_OBJC_ROOT_CLASS = YES_ERROR;
				CLANG_WARN_QUOTED_INCLUDE_IN_FRAMEWORK_HEADER = YES;
				CLANG_WARN_RANGE_LOOP_ANALYSIS = YES;
				CLANG_WARN_STRICT_PROTOTYPES = YES;
				CLANG_WARN_SUSPICIOUS_MOVE = YES;
				CLANG_WARN_UNGUARDED_AVAILABILITY = YES_AGGRESSIVE;
				CLANG_WARN_UNREACHABLE_CODE = YES;
				CLANG_WARN__DUPLICATE_METHOD_MATCH = YES;
				COPY_PHASE_STRIP = NO;
				DEBUG_INFORMATION_FORMAT = "dwarf-with-dsym";
				ENABLE_NS_ASSERTIONS = NO;
				ENABLE_STRICT_OBJC_MSGSEND = YES;
				GCC_C_LANGUAGE_STANDARD = gnu11;
				GCC_NO_COMMON_BLOCKS = YES;
				GCC_WARN_64_TO_32_BIT_CONVERSION = YES;
				GCC_WARN_ABOUT_RETURN_TYPE = YES_ERROR;
				GCC_WARN_UNDECLARED_SELECTOR = YES;
				GCC_WARN_UNINITIALIZED_AUTOS = YES_AGGRESSIVE;
				GCC_WARN_UNUSED_FUNCTION = YES;
				GCC_WARN_UNUSED_VARIABLE = YES;
				IPHONEOS_DEPLOYMENT_TARGET = 15.5;
				MTL_ENABLE_DEBUG_INFO = NO;
				MTL_FAST_MATH = YES;
				SDKROOT = iphoneos;
				SWIFT_COMPILATION_MODE = wholemodule;
				SWIFT_OPTIMIZATION_LEVEL = "-O";
				VALIDATE_PRODUCT = YES;
			};
			name = Release;
		};
		076A0C51287B35A000A75AE9 /* Debug */ = {
			isa = XCBuildConfiguration;
			buildSettings = {
				ASSETCATALOG_COMPILER_APPICON_NAME = AppIcon;
				ASSETCATALOG_COMPILER_GLOBAL_ACCENT_COLOR_NAME = AccentColor;
				CODE_SIGN_ENTITLEMENTS = ScoreFive/ScoreFive.entitlements;
				CODE_SIGN_STYLE = Automatic;
				CURRENT_PROJECT_VERSION = 200;
				DEVELOPMENT_TEAM = 3FJXDZ3HU4;
				GENERATE_INFOPLIST_FILE = YES;
				INFOPLIST_FILE = ScoreFive/Info.plist;
				INFOPLIST_KEY_UIApplicationSupportsIndirectInputEvents = YES;
				INFOPLIST_KEY_UILaunchStoryboardName = LaunchScreen;
				INFOPLIST_KEY_UISupportedInterfaceOrientations = "UIInterfaceOrientationPortrait UIInterfaceOrientationLandscapeLeft UIInterfaceOrientationLandscapeRight";
				INFOPLIST_KEY_UISupportedInterfaceOrientations_iPad = "UIInterfaceOrientationPortrait UIInterfaceOrientationPortraitUpsideDown UIInterfaceOrientationLandscapeLeft UIInterfaceOrientationLandscapeRight";
				INFOPLIST_KEY_UISupportedInterfaceOrientations_iPhone = "UIInterfaceOrientationPortrait UIInterfaceOrientationLandscapeLeft UIInterfaceOrientationLandscapeRight";
				LD_RUNPATH_SEARCH_PATHS = (
					"$(inherited)",
					"@executable_path/Frameworks",
				);
				MARKETING_VERSION = 2.1.0;
				PRODUCT_BUNDLE_IDENTIFIER = com.varunsanthanam.ScoreFive2;
				PRODUCT_NAME = "$(TARGET_NAME)";
				SUPPORTS_MACCATALYST = NO;
				SWIFT_EMIT_LOC_STRINGS = YES;
				SWIFT_VERSION = 5.0;
				TARGETED_DEVICE_FAMILY = "1,2";
			};
			name = Debug;
		};
		076A0C52287B35A000A75AE9 /* Release */ = {
			isa = XCBuildConfiguration;
			buildSettings = {
				ASSETCATALOG_COMPILER_APPICON_NAME = AppIcon;
				ASSETCATALOG_COMPILER_GLOBAL_ACCENT_COLOR_NAME = AccentColor;
				CODE_SIGN_ENTITLEMENTS = ScoreFive/ScoreFive.entitlements;
				CODE_SIGN_STYLE = Automatic;
				CURRENT_PROJECT_VERSION = 200;
				DEVELOPMENT_TEAM = 3FJXDZ3HU4;
				GENERATE_INFOPLIST_FILE = YES;
				INFOPLIST_FILE = ScoreFive/Info.plist;
				INFOPLIST_KEY_UIApplicationSupportsIndirectInputEvents = YES;
				INFOPLIST_KEY_UILaunchStoryboardName = LaunchScreen;
				INFOPLIST_KEY_UISupportedInterfaceOrientations = "UIInterfaceOrientationPortrait UIInterfaceOrientationLandscapeLeft UIInterfaceOrientationLandscapeRight";
				INFOPLIST_KEY_UISupportedInterfaceOrientations_iPad = "UIInterfaceOrientationPortrait UIInterfaceOrientationPortraitUpsideDown UIInterfaceOrientationLandscapeLeft UIInterfaceOrientationLandscapeRight";
				INFOPLIST_KEY_UISupportedInterfaceOrientations_iPhone = "UIInterfaceOrientationPortrait UIInterfaceOrientationLandscapeLeft UIInterfaceOrientationLandscapeRight";
				LD_RUNPATH_SEARCH_PATHS = (
					"$(inherited)",
					"@executable_path/Frameworks",
				);
				MARKETING_VERSION = 2.1.0;
				PRODUCT_BUNDLE_IDENTIFIER = com.varunsanthanam.ScoreFive2;
				PRODUCT_NAME = "$(TARGET_NAME)";
				SUPPORTS_MACCATALYST = NO;
				SWIFT_EMIT_LOC_STRINGS = YES;
				SWIFT_VERSION = 5.0;
				TARGETED_DEVICE_FAMILY = "1,2";
			};
			name = Release;
		};
		07A0A56A2896EEE5004F4196 /* Debug */ = {
			isa = XCBuildConfiguration;
			buildSettings = {
				CODE_SIGN_STYLE = Automatic;
				CURRENT_PROJECT_VERSION = 1;
				DEVELOPMENT_TEAM = 3FJXDZ3HU4;
				GENERATE_INFOPLIST_FILE = YES;
				MARKETING_VERSION = 1.0;
				PRODUCT_BUNDLE_IDENTIFIER = com.varunsanthanam.AutomatedScreenshots;
				PRODUCT_NAME = "$(TARGET_NAME)";
				SWIFT_EMIT_LOC_STRINGS = NO;
				SWIFT_VERSION = 5.0;
				TARGETED_DEVICE_FAMILY = "1,2";
				TEST_TARGET_NAME = ScoreFive;
			};
			name = Debug;
		};
		07A0A56B2896EEE5004F4196 /* Release */ = {
			isa = XCBuildConfiguration;
			buildSettings = {
				CODE_SIGN_STYLE = Automatic;
				CURRENT_PROJECT_VERSION = 1;
				DEVELOPMENT_TEAM = 3FJXDZ3HU4;
				GENERATE_INFOPLIST_FILE = YES;
				MARKETING_VERSION = 1.0;
				PRODUCT_BUNDLE_IDENTIFIER = com.varunsanthanam.AutomatedScreenshots;
				PRODUCT_NAME = "$(TARGET_NAME)";
				SWIFT_EMIT_LOC_STRINGS = NO;
				SWIFT_VERSION = 5.0;
				TARGETED_DEVICE_FAMILY = "1,2";
				TEST_TARGET_NAME = ScoreFive;
			};
			name = Release;
		};
/* End XCBuildConfiguration section */

/* Begin XCConfigurationList section */
		076A0C37287B35A000A75AE9 /* Build configuration list for PBXProject "ScoreFive" */ = {
			isa = XCConfigurationList;
			buildConfigurations = (
				076A0C4E287B35A000A75AE9 /* Debug */,
				076A0C4F287B35A000A75AE9 /* Release */,
			);
			defaultConfigurationIsVisible = 0;
			defaultConfigurationName = Release;
		};
		076A0C50287B35A000A75AE9 /* Build configuration list for PBXNativeTarget "ScoreFive" */ = {
			isa = XCConfigurationList;
			buildConfigurations = (
				076A0C51287B35A000A75AE9 /* Debug */,
				076A0C52287B35A000A75AE9 /* Release */,
			);
			defaultConfigurationIsVisible = 0;
			defaultConfigurationName = Release;
		};
		07A0A5692896EEE5004F4196 /* Build configuration list for PBXNativeTarget "AutomatedScreenshots" */ = {
			isa = XCConfigurationList;
			buildConfigurations = (
				07A0A56A2896EEE5004F4196 /* Debug */,
				07A0A56B2896EEE5004F4196 /* Release */,
			);
			defaultConfigurationIsVisible = 0;
			defaultConfigurationName = Release;
		};
/* End XCConfigurationList section */

/* Begin XCRemoteSwiftPackageReference section */
		0714D1E2288327E400CE45A3 /* XCRemoteSwiftPackageReference "swift-collections" */ = {
			isa = XCRemoteSwiftPackageReference;
			repositoryURL = "https://github.com/apple/swift-collections.git";
			requirement = {
				kind = upToNextMajorVersion;
				minimumVersion = 1.0.0;
			};
		};
		074374B8289F0545001279F8 /* XCRemoteSwiftPackageReference "MailView" */ = {
			isa = XCRemoteSwiftPackageReference;
			repositoryURL = "https://github.com/vsanthanam/MailView.git";
			requirement = {
				kind = upToNextMajorVersion;
				minimumVersion = 0.0.1;
			};
		};
		0747A455289338B6001A561C /* XCRemoteSwiftPackageReference "SafariView" */ = {
			isa = XCRemoteSwiftPackageReference;
			repositoryURL = "https://github.com/vsanthanam/SafariView.git";
			requirement = {
				kind = upToNextMajorVersion;
				minimumVersion = 1.0.0;
			};
		};
		07E25145288C45060061AA19 /* XCRemoteSwiftPackageReference "SwiftUI-Introspect" */ = {
			isa = XCRemoteSwiftPackageReference;
			repositoryURL = "https://github.com/siteline/SwiftUI-Introspect.git";
			requirement = {
				kind = upToNextMajorVersion;
				minimumVersion = 0.1.4;
			};
		};
		07E25178288DCFB80061AA19 /* XCRemoteSwiftPackageReference "AppFoundation" */ = {
			isa = XCRemoteSwiftPackageReference;
			repositoryURL = "https://github.com/vsanthanam/AppFoundation.git";
			requirement = {
				kind = upToNextMajorVersion;
				minimumVersion = 0.0.2;
			};
		};
/* End XCRemoteSwiftPackageReference section */

/* Begin XCSwiftPackageProductDependency section */
		074374B9289F0546001279F8 /* MailView */ = {
			isa = XCSwiftPackageProductDependency;
			package = 074374B8289F0545001279F8 /* XCRemoteSwiftPackageReference "MailView" */;
			productName = MailView;
		};
		0747A457289338D5001A561C /* SafariView */ = {
			isa = XCSwiftPackageProductDependency;
			package = 0747A455289338B6001A561C /* XCRemoteSwiftPackageReference "SafariView" */;
			productName = SafariView;
		};
		075F15FD288B53D200E238C0 /* Collections */ = {
			isa = XCSwiftPackageProductDependency;
			package = 0714D1E2288327E400CE45A3 /* XCRemoteSwiftPackageReference "swift-collections" */;
			productName = Collections;
		};
		07E25146288C45060061AA19 /* Introspect */ = {
			isa = XCSwiftPackageProductDependency;
			package = 07E25145288C45060061AA19 /* XCRemoteSwiftPackageReference "SwiftUI-Introspect" */;
			productName = Introspect;
		};
		07E25179288DCFB80061AA19 /* AppFoundation */ = {
			isa = XCSwiftPackageProductDependency;
			package = 07E25178288DCFB80061AA19 /* XCRemoteSwiftPackageReference "AppFoundation" */;
			productName = AppFoundation;
		};
		07E2517D288DDB0F0061AA19 /* Five */ = {
			isa = XCSwiftPackageProductDependency;
			productName = Five;
		};
/* End XCSwiftPackageProductDependency section */

/* Begin XCVersionGroup section */
		0714D1D6287B39A200CE45A3 /* ScoreFive.xcdatamodeld */ = {
			isa = XCVersionGroup;
			children = (
				0714D1D7287B39A200CE45A3 /* ScoreFive.xcdatamodel */,
			);
			currentVersion = 0714D1D7287B39A200CE45A3 /* ScoreFive.xcdatamodel */;
			path = ScoreFive.xcdatamodeld;
			sourceTree = "<group>";
			versionGroupType = wrapper.xcdatamodel;
		};
/* End XCVersionGroup section */
	};
	rootObject = 076A0C34287B35A000A75AE9 /* Project object */;
}
